
Microsoft Visual Studio Solution File, Format Version 12.00
# Visual Studio Version 17
VisualStudioVersion = 17.5.002.0
MinimumVisualStudioVersion = 10.0.40219.1
Project("{9A19103F-16F7-4668-BE54-9A1E7A4F7556}") = "Organizarty.Application", "Organizarty.Application.csproj", "{4564DBA0-EABB-4F71-8D35-A175151AEDF6}"
EndProject
Global
	GlobalSection(SolutionConfigurationPlatforms) = preSolution
		Debug|Any CPU = Debug|Any CPU
		Release|Any CPU = Release|Any CPU
	EndGlobalSection
	GlobalSection(ProjectConfigurationPlatforms) = postSolution
		{4564DBA0-EABB-4F71-8D35-A175151AEDF6}.Debug|Any CPU.ActiveCfg = Debug|Any CPU
		{4564DBA0-EABB-4F71-8D35-A175151AEDF6}.Debug|Any CPU.Build.0 = Debug|Any CPU
		{4564DBA0-EABB-4F71-8D35-A175151AEDF6}.Release|Any CPU.ActiveCfg = Release|Any CPU
		{4564DBA0-EABB-4F71-8D35-A175151AEDF6}.Release|Any CPU.Build.0 = Release|Any CPU
	EndGlobalSection
	GlobalSection(SolutionProperties) = preSolution
		HideSolutionNode = FALSE
	EndGlobalSection
	GlobalSection(ExtensibilityGlobals) = postSolution
		SolutionGuid = {5C0F9652-8209-4526-979C-46395A17E02A}
	EndGlobalSection
EndGlobal
