
Microsoft Visual Studio Solution File, Format Version 12.00
# Visual Studio Version 17
VisualStudioVersion = 17.0.31903.59
MinimumVisualStudioVersion = 10.0.40219.1
Project("{FAE04EC0-301F-11D3-BF4B-00C04F79EFBC}") = "Organizarty.Application", "Organizarty.Application\Organizarty.Application.csproj", "{3C1A8E91-C035-4403-97D8-737D8D0367A7}"
EndProject
Project("{FAE04EC0-301F-11D3-BF4B-00C04F79EFBC}") = "Organizarty.Adapters", "Organizarty.Adapters\Organizarty.Adapters.csproj", "{339FC22B-555F-4C2E-B7EE-71C84DF2CE39}"
EndProject
Project("{FAE04EC0-301F-11D3-BF4B-00C04F79EFBC}") = "Organizarty.Infra", "Organizarty.Infra\Organizarty.Infra.csproj", "{B270DA6F-4768-4FD0-B345-FDD072ACE386}"
EndProject
Project("{FAE04EC0-301F-11D3-BF4B-00C04F79EFBC}") = "Organizarty.UI", "Organizarty.UI\Organizarty.UI.csproj", "{1FDC3E0E-9BA5-4D96-B704-E4C92C1BC127}"
EndProject
Global
	GlobalSection(SolutionConfigurationPlatforms) = preSolution
		Debug|Any CPU = Debug|Any CPU
		Release|Any CPU = Release|Any CPU
	EndGlobalSection
	GlobalSection(SolutionProperties) = preSolution
		HideSolutionNode = FALSE
	EndGlobalSection
	GlobalSection(ProjectConfigurationPlatforms) = postSolution
		{3C1A8E91-C035-4403-97D8-737D8D0367A7}.Debug|Any CPU.ActiveCfg = Debug|Any CPU
		{3C1A8E91-C035-4403-97D8-737D8D0367A7}.Debug|Any CPU.Build.0 = Debug|Any CPU
		{3C1A8E91-C035-4403-97D8-737D8D0367A7}.Release|Any CPU.ActiveCfg = Release|Any CPU
		{3C1A8E91-C035-4403-97D8-737D8D0367A7}.Release|Any CPU.Build.0 = Release|Any CPU
		{339FC22B-555F-4C2E-B7EE-71C84DF2CE39}.Debug|Any CPU.ActiveCfg = Debug|Any CPU
		{339FC22B-555F-4C2E-B7EE-71C84DF2CE39}.Debug|Any CPU.Build.0 = Debug|Any CPU
		{339FC22B-555F-4C2E-B7EE-71C84DF2CE39}.Release|Any CPU.ActiveCfg = Release|Any CPU
		{339FC22B-555F-4C2E-B7EE-71C84DF2CE39}.Release|Any CPU.Build.0 = Release|Any CPU
		{B270DA6F-4768-4FD0-B345-FDD072ACE386}.Debug|Any CPU.ActiveCfg = Debug|Any CPU
		{B270DA6F-4768-4FD0-B345-FDD072ACE386}.Debug|Any CPU.Build.0 = Debug|Any CPU
		{B270DA6F-4768-4FD0-B345-FDD072ACE386}.Release|Any CPU.ActiveCfg = Release|Any CPU
		{B270DA6F-4768-4FD0-B345-FDD072ACE386}.Release|Any CPU.Build.0 = Release|Any CPU
		{1FDC3E0E-9BA5-4D96-B704-E4C92C1BC127}.Debug|Any CPU.ActiveCfg = Debug|Any CPU
		{1FDC3E0E-9BA5-4D96-B704-E4C92C1BC127}.Debug|Any CPU.Build.0 = Debug|Any CPU
		{1FDC3E0E-9BA5-4D96-B704-E4C92C1BC127}.Release|Any CPU.ActiveCfg = Release|Any CPU
		{1FDC3E0E-9BA5-4D96-B704-E4C92C1BC127}.Release|Any CPU.Build.0 = Release|Any CPU
	EndGlobalSection
EndGlobal
